{
  "version": "3",
  "packages": {
    "specifiers": {
      "jsr:@std/assert@^1.0.0": "jsr:@std/assert@1.0.2",
      "jsr:@std/assert@^1.0.2": "jsr:@std/assert@1.0.2",
      "jsr:@std/collections@^1.0.0": "jsr:@std/collections@1.0.5",
      "jsr:@std/internal@^1.0.1": "jsr:@std/internal@1.0.1",
      "jsr:@std/testing@^1.0.0": "jsr:@std/testing@1.0.0",
      "npm:@esfx/ref@1.0.0": "npm:@esfx/ref@1.0.0"
    },
    "jsr": {
      "@std/assert@1.0.2": {
        "integrity": "ccacec332958126deaceb5c63ff8b4eaf9f5ed0eac9feccf124110435e59e49c",
        "dependencies": [
          "jsr:@std/internal@^1.0.1"
        ]
      },
      "@std/collections@1.0.5": {
        "integrity": "ab9eac23b57a0c0b89ba45134e61561f69f3d001f37235a248ed40be260c0c10"
      },
      "@std/internal@1.0.1": {
        "integrity": "6f8c7544d06a11dd256c8d6ba54b11ed870aac6c5aeafff499892662c57673e6"
      },
      "@std/testing@1.0.0": {
        "integrity": "27cfc06392c69c2acffe54e6d0bcb5f961cf193f519255372bd4fff1481bfef8",
        "dependencies": [
          "jsr:@std/assert@^1.0.2"
        ]
      }
    },
    "npm": {
      "@esfx/ref@1.0.0": {
        "integrity": "sha512-JW6E03t8K3AA0E9fmydNWJT+7QA5psTHW9RC0Fp+9R2SqnwVUusjhBIRGycU4v88qaLhSFqekYhecSvdFQyymQ==",
        "dependencies": {}
      }
    }
  },
  "remote": {},
  "workspace": {
    "dependencies": [
      "jsr:@std/assert@^1.0.0",
      "jsr:@std/collections@^1.0.0",
      "jsr:@std/testing@^1.0.0"
    ]
  }
}
