{
  "version": "4",
  "specifiers": {
    "jsr:@std/assert@1": "1.0.5",
    "jsr:@std/assert@^1.0.4": "1.0.5",
    "jsr:@std/collections@1": "1.0.6",
    "jsr:@std/internal@^1.0.3": "1.0.3",
    "jsr:@std/testing@1": "1.0.2",
    "npm:@esfx/ref@1.0.0": "1.0.0"
  },
  "jsr": {
    "@std/assert@1.0.5": {
      "integrity": "e37da8e4033490ce613eec4ac1d78dba1faf5b02a3f6c573a28f15365b9b440f",
      "dependencies": [
        "jsr:@std/internal"
      ]
    },
    "@std/collections@1.0.6": {
      "integrity": "60ad252af7df0594e6455f697920a37cd523ad66469fefcc9735e362826ac01d"
    },
    "@std/internal@1.0.3": {
      "integrity": "208e9b94a3d5649bd880e9ca38b885ab7651ab5b5303a56ed25de4755fb7b11e"
    },
    "@std/testing@1.0.2": {
      "integrity": "9e8a7f4e26c219addabe7942d09c3450fa0a74e9662341961bc0ef502274dec3",
      "dependencies": [
        "jsr:@std/assert@^1.0.4"
      ]
    }
  },
  "npm": {
    "@esfx/ref@1.0.0": {
      "integrity": "sha512-JW6E03t8K3AA0E9fmydNWJT+7QA5psTHW9RC0Fp+9R2SqnwVUusjhBIRGycU4v88qaLhSFqekYhecSvdFQyymQ=="
    }
  },
  "workspace": {
    "dependencies": [
      "jsr:@std/assert@1",
      "jsr:@std/collections@1",
      "jsr:@std/testing@1"
    ]
  }
}
