{
  "version": "3",
  "packages": {
    "specifiers": {
      "jsr:@std/assert@^0.226.0": "jsr:@std/assert@0.226.0",
      "jsr:@std/collections@^1.0.0-rc.1": "jsr:@std/collections@1.0.0-rc.1",
      "jsr:@std/internal@^1.0.0": "jsr:@std/internal@1.0.0",
      "jsr:@std/testing@^0.225.0": "jsr:@std/testing@0.225.0",
      "npm:@esfx/ref@1.0.0": "npm:@esfx/ref@1.0.0"
    },
    "jsr": {
      "@std/assert@0.226.0": {
        "integrity": "0dfb5f7c7723c18cec118e080fec76ce15b4c31154b15ad2bd74822603ef75b3",
        "dependencies": [
          "jsr:@std/internal@^1.0.0"
        ]
      },
      "@std/collections@1.0.0-rc.1": {
        "integrity": "e69fa667e4bede8f1013be9fb48915e564707a2b054848ca4a4da1f3f10251d9"
      },
      "@std/internal@1.0.0": {
        "integrity": "ac6a6dfebf838582c4b4f61a6907374e27e05bedb6ce276e0f1608fe84e7cd9a"
      },
      "@std/testing@0.225.0": {
        "integrity": "53ca3c47eb121acabda633fd50699c4b33da6a7ce3e5bb34d7277d15df5f0a6e",
        "dependencies": [
          "jsr:@std/assert@^0.226.0"
        ]
      }
    },
    "npm": {
      "@esfx/ref@1.0.0": {
        "integrity": "sha512-JW6E03t8K3AA0E9fmydNWJT+7QA5psTHW9RC0Fp+9R2SqnwVUusjhBIRGycU4v88qaLhSFqekYhecSvdFQyymQ==",
        "dependencies": {}
      }
    }
  },
  "remote": {},
  "workspace": {
    "dependencies": [
      "jsr:@std/assert@^0.226.0",
      "jsr:@std/collections@^1.0.0-rc.1",
      "jsr:@std/testing@^0.225.0"
    ]
  }
}
